
Microsoft Visual Studio Solution File, Format Version 12.00
Project("{FAE04EC0-301F-11D3-BF4B-00C04F79EFBC}") = "FinanceHub.API", "FinanceHub.API\FinanceHub.API.csproj", "{0F9496A3-F70B-4F6B-A63D-C37B250FE292}"
EndProject
Project("{FAE04EC0-301F-11D3-BF4B-00C04F79EFBC}") = "FinanceHub.Application", "FinanceHub.Application\FinanceHub.Application.csproj", "{035EB357-038A-4AFD-A5F7-17DCD6515AE2}"
EndProject
Project("{FAE04EC0-301F-11D3-BF4B-00C04F79EFBC}") = "FinanceHub.Domain", "FinanceHub.Domain\FinanceHub.Domain.csproj", "{D42B58C3-263D-494F-A1E9-0A4938FC7F02}"
EndProject
Project("{FAE04EC0-301F-11D3-BF4B-00C04F79EFBC}") = "FinanceHub.Infrastructure", "FinanceHub.Infrastructure\FinanceHub.Infrastructure.csproj", "{C57B0A33-456C-4615-B5F3-F72957EFE967}"
EndProject
Project("{FAE04EC0-301F-11D3-BF4B-00C04F79EFBC}") = "FinanceHub.Worker", "FinanceHub.Worker\FinanceHub.Worker.csproj", "{6025588C-DDBF-4B01-9316-9987356B7708}"
EndProject
Global
	GlobalSection(SolutionConfigurationPlatforms) = preSolution
		Debug|Any CPU = Debug|Any CPU
		Release|Any CPU = Release|Any CPU
	EndGlobalSection
	GlobalSection(ProjectConfigurationPlatforms) = postSolution
		{0F9496A3-F70B-4F6B-A63D-C37B250FE292}.Debug|Any CPU.ActiveCfg = Debug|Any CPU
		{0F9496A3-F70B-4F6B-A63D-C37B250FE292}.Debug|Any CPU.Build.0 = Debug|Any CPU
		{0F9496A3-F70B-4F6B-A63D-C37B250FE292}.Release|Any CPU.ActiveCfg = Release|Any CPU
		{0F9496A3-F70B-4F6B-A63D-C37B250FE292}.Release|Any CPU.Build.0 = Release|Any CPU
		{035EB357-038A-4AFD-A5F7-17DCD6515AE2}.Debug|Any CPU.ActiveCfg = Debug|Any CPU
		{035EB357-038A-4AFD-A5F7-17DCD6515AE2}.Debug|Any CPU.Build.0 = Debug|Any CPU
		{035EB357-038A-4AFD-A5F7-17DCD6515AE2}.Release|Any CPU.ActiveCfg = Release|Any CPU
		{035EB357-038A-4AFD-A5F7-17DCD6515AE2}.Release|Any CPU.Build.0 = Release|Any CPU
		{D42B58C3-263D-494F-A1E9-0A4938FC7F02}.Debug|Any CPU.ActiveCfg = Debug|Any CPU
		{D42B58C3-263D-494F-A1E9-0A4938FC7F02}.Debug|Any CPU.Build.0 = Debug|Any CPU
		{D42B58C3-263D-494F-A1E9-0A4938FC7F02}.Release|Any CPU.ActiveCfg = Release|Any CPU
		{D42B58C3-263D-494F-A1E9-0A4938FC7F02}.Release|Any CPU.Build.0 = Release|Any CPU
		{C57B0A33-456C-4615-B5F3-F72957EFE967}.Debug|Any CPU.ActiveCfg = Debug|Any CPU
		{C57B0A33-456C-4615-B5F3-F72957EFE967}.Debug|Any CPU.Build.0 = Debug|Any CPU
		{C57B0A33-456C-4615-B5F3-F72957EFE967}.Release|Any CPU.ActiveCfg = Release|Any CPU
		{C57B0A33-456C-4615-B5F3-F72957EFE967}.Release|Any CPU.Build.0 = Release|Any CPU
		{6025588C-DDBF-4B01-9316-9987356B7708}.Debug|Any CPU.ActiveCfg = Debug|Any CPU
		{6025588C-DDBF-4B01-9316-9987356B7708}.Debug|Any CPU.Build.0 = Debug|Any CPU
		{6025588C-DDBF-4B01-9316-9987356B7708}.Release|Any CPU.ActiveCfg = Release|Any CPU
		{6025588C-DDBF-4B01-9316-9987356B7708}.Release|Any CPU.Build.0 = Release|Any CPU
	EndGlobalSection
EndGlobal
